<?xml version="1.0" encoding="utf-8"?>
<Project ToolsVersion="4.0" xmlns="http://schemas.microsoft.com/developer/msbuild/2003">
  <ItemGroup>
    <Filter Include="소스 파일">
      <UniqueIdentifier>{4FC737F1-C7A5-4376-A066-2A32D752A2FF}</UniqueIdentifier>
      <Extensions>cpp;c;cc;cxx;c++;cppm;ixx;def;odl;idl;hpj;bat;asm;asmx</Extensions>
    </Filter>
    <Filter Include="헤더 파일">
      <UniqueIdentifier>{93995380-89BD-4b04-88EB-625FBE52EBFB}</UniqueIdentifier>
      <Extensions>h;hh;hpp;hxx;h++;hm;inl;inc;ipp;xsd</Extensions>
    </Filter>
    <Filter Include="리소스 파일">
      <UniqueIdentifier>{67DA6AB6-F800-4c08-8B7A-83BB121AAD01}</UniqueIdentifier>
      <Extensions>rc;ico;cur;bmp;dlg;rc2;rct;bin;rgs;gif;jpg;jpeg;jpe;resx;tiff;tif;png;wav;mfcribbon-ms</Extensions>
    </Filter>
    <Filter Include="소스 파일\정렬알고리즘">
      <UniqueIdentifier>{1473380e-428a-4b36-9a97-474e6b31ad47}</UniqueIdentifier>
    </Filter>
    <Filter Include="소스 파일\백준 문제">
      <UniqueIdentifier>{16079a19-7228-4b80-a512-7226aa1c9c21}</UniqueIdentifier>
    </Filter>
  </ItemGroup>
  <ItemGroup>
    <ClCompile Include="2차원 배열 9_6.cpp">
      <Filter>소스 파일</Filter>
    </ClCompile>
    <ClCompile Include="그래프 탐색 9_13.cpp">
      <Filter>소스 파일</Filter>
    </ClCompile>
    <ClCompile Include="미로 탐색 9_13.cpp">
      <Filter>소스 파일</Filter>
    </ClCompile>
    <ClCompile Include="유기농 배추 9_15.cpp">
      <Filter>소스 파일</Filter>
    </ClCompile>
    <ClCompile Include="안전 영역 9_20.cpp">
      <Filter>소스 파일</Filter>
    </ClCompile>
    <ClCompile Include="다익스트라9_22.cpp">
      <Filter>소스 파일</Filter>
    </ClCompile>
    <ClCompile Include="함수의 연속 오차구하기 9_23.cpp">
      <Filter>소스 파일</Filter>
    </ClCompile>
    <ClCompile Include="A_Star.cpp">
      <Filter>소스 파일</Filter>
    </ClCompile>
    <ClCompile Include="MST.cpp">
      <Filter>소스 파일</Filter>
    </ClCompile>
    <ClCompile Include="Prim.cpp">
      <Filter>소스 파일</Filter>
    </ClCompile>
    <ClCompile Include="병합 정렬.cpp">
      <Filter>소스 파일\정렬알고리즘</Filter>
    </ClCompile>
    <ClCompile Include="퀵.cpp">
      <Filter>소스 파일\정렬알고리즘</Filter>
    </ClCompile>
    <ClCompile Include="버블.cpp">
      <Filter>소스 파일\정렬알고리즘</Filter>
    </ClCompile>
    <ClCompile Include="선택.cpp">
      <Filter>소스 파일\정렬알고리즘</Filter>
    </ClCompile>
    <ClCompile Include="삽입.cpp">
      <Filter>소스 파일\정렬알고리즘</Filter>
    </ClCompile>
    <ClCompile Include="수 정렬.cpp">
      <Filter>소스 파일\백준 문제</Filter>
    </ClCompile>
    <ClCompile Include="수 정렬하기2.cpp">
      <Filter>소스 파일\백준 문제</Filter>
    </ClCompile>
    <ClCompile Include="수 찾기.cpp">
      <Filter>소스 파일\백준 문제</Filter>
    </ClCompile>
    <ClCompile Include="베스트 셀러.cpp">
      <Filter>소스 파일\백준 문제</Filter>
    </ClCompile>
    <ClCompile Include="나는야 포켓몬 마스터 이다솜.cpp">
      <Filter>소스 파일\백준 문제</Filter>
    </ClCompile>
    <ClCompile Include="듣보잡.cpp">
      <Filter>소스 파일\백준 문제</Filter>
    </ClCompile>
  </ItemGroup>
</Project>